// !$*UTF8*$!
{
	archiveVersion = 1;
	classes = {
	};
	objectVersion = 55;
	objects = {

/* Begin PBXBuildFile section */
		461227472718EC140052DDCF /* GoogleService-Info.plist in Resources */ = {isa = PBXBuildFile; fileRef = 461227462718EC140052DDCF /* GoogleService-Info.plist */; };
		462890322731F51B00685E11 /* ClassesFilterCollectionViewCell.swift in Sources */ = {isa = PBXBuildFile; fileRef = 462890302731F51B00685E11 /* ClassesFilterCollectionViewCell.swift */; };
		462890332731F51B00685E11 /* ClassesFilterCollectionViewCell.xib in Resources */ = {isa = PBXBuildFile; fileRef = 462890312731F51B00685E11 /* ClassesFilterCollectionViewCell.xib */; };
		462A5DDE273B33C0001DAE5E /* FriendsTableViewCell.swift in Sources */ = {isa = PBXBuildFile; fileRef = 462A5DDC273B33C0001DAE5E /* FriendsTableViewCell.swift */; };
		4644E2A9273CF33300B0C9F7 /* MapPeopleTableViewCell.swift in Sources */ = {isa = PBXBuildFile; fileRef = 4644E2A8273CF33300B0C9F7 /* MapPeopleTableViewCell.swift */; };
		46B575512722762A00F527E4 /* MyCollectionViewCell.xib in Resources */ = {isa = PBXBuildFile; fileRef = 46B575502722762A00F527E4 /* MyCollectionViewCell.xib */; };
		46B57553272276D700F527E4 /* TabBarViewController.swift in Sources */ = {isa = PBXBuildFile; fileRef = 46B57552272276D700F527E4 /* TabBarViewController.swift */; };
		46B57557272277B000F527E4 /* YourFriendsAreHereCollectionViewCell.xib in Resources */ = {isa = PBXBuildFile; fileRef = 46B57556272277B000F527E4 /* YourFriendsAreHereCollectionViewCell.xib */; };
		46BAF6D427163B0E00115504 /* LoginViewController.swift in Sources */ = {isa = PBXBuildFile; fileRef = 46BAF6D327163B0E00115504 /* LoginViewController.swift */; };
		46BAF6D627163B2500115504 /* SignUpViewController.swift in Sources */ = {isa = PBXBuildFile; fileRef = 46BAF6D527163B2500115504 /* SignUpViewController.swift */; };
		46BAF6D827163B3700115504 /* ProfileViewController.swift in Sources */ = {isa = PBXBuildFile; fileRef = 46BAF6D727163B3700115504 /* ProfileViewController.swift */; };
		8E3EEC3427348C1700A083D4 /* Main.storyboard in Resources */ = {isa = PBXBuildFile; fileRef = 8E3EEC3327348C1700A083D4 /* Main.storyboard */; };
		8E4A746D272B5A60009B9535 /* StudySpotsCollectionViewCell.swift in Sources */ = {isa = PBXBuildFile; fileRef = 8E4A746C272B5A60009B9535 /* StudySpotsCollectionViewCell.swift */; };
		8E6F42C12731F87E000069ED /* ReviewCollectionViewCell.swift in Sources */ = {isa = PBXBuildFile; fileRef = 8E6F42C02731F87E000069ED /* ReviewCollectionViewCell.swift */; };
		8EA3F1B027163AFB00120DDA /* EditProfileViewController.swift in Sources */ = {isa = PBXBuildFile; fileRef = 8EA3F1AF27163AFA00120DDA /* EditProfileViewController.swift */; };
		8EA3F1B227163B1E00120DDA /* ChipMapViewController.swift in Sources */ = {isa = PBXBuildFile; fileRef = 8EA3F1B127163B1E00120DDA /* ChipMapViewController.swift */; };
		8EA3F1B427163B3700120DDA /* SettingsViewController.swift in Sources */ = {isa = PBXBuildFile; fileRef = 8EA3F1B327163B3700120DDA /* SettingsViewController.swift */; };
		8EA3F1B627163B5000120DDA /* FriendsViewController.swift in Sources */ = {isa = PBXBuildFile; fileRef = 8EA3F1B527163B5000120DDA /* FriendsViewController.swift */; };
		8EA3F1B827163B5E00120DDA /* StudySpotViewController.swift in Sources */ = {isa = PBXBuildFile; fileRef = 8EA3F1B727163B5E00120DDA /* StudySpotViewController.swift */; };
		A40FD50BE337D6942F0ED55E /* Pods_Spudy.framework in Frameworks */ = {isa = PBXBuildFile; fileRef = 5EBE809D50A3D80987171000 /* Pods_Spudy.framework */; };
		A734D881271636AD00D660C8 /* AppDelegate.swift in Sources */ = {isa = PBXBuildFile; fileRef = A734D880271636AD00D660C8 /* AppDelegate.swift */; };
		A734D883271636AD00D660C8 /* SceneDelegate.swift in Sources */ = {isa = PBXBuildFile; fileRef = A734D882271636AD00D660C8 /* SceneDelegate.swift */; };
		A734D88B271636AD00D660C8 /* Spudy.xcdatamodeld in Sources */ = {isa = PBXBuildFile; fileRef = A734D889271636AD00D660C8 /* Spudy.xcdatamodeld */; };
		A734D88D271636AE00D660C8 /* Assets.xcassets in Resources */ = {isa = PBXBuildFile; fileRef = A734D88C271636AE00D660C8 /* Assets.xcassets */; };
		A734D890271636AE00D660C8 /* LaunchScreen.storyboard in Resources */ = {isa = PBXBuildFile; fileRef = A734D88E271636AE00D660C8 /* LaunchScreen.storyboard */; };
		A7507B05273DE4BD003B6938 /* MapKit.framework in Frameworks */ = {isa = PBXBuildFile; fileRef = A7507AE127345304003B6938 /* MapKit.framework */; };
		A75180262731EEDA00E87FB1 /* Commons.swift in Sources */ = {isa = PBXBuildFile; fileRef = A75180252731EEDA00E87FB1 /* Commons.swift */; };
		A76850102722746400FF58DE /* CollectionViewController.swift in Sources */ = {isa = PBXBuildFile; fileRef = A768500F2722746400FF58DE /* CollectionViewController.swift */; };
		A76850122722748500FF58DE /* MyCollectionViewCell.swift in Sources */ = {isa = PBXBuildFile; fileRef = A76850112722748500FF58DE /* MyCollectionViewCell.swift */; };
		A76850142722748F00FF58DE /* YourFriendsAreHereCollectionViewCell.swift in Sources */ = {isa = PBXBuildFile; fileRef = A76850132722748F00FF58DE /* YourFriendsAreHereCollectionViewCell.swift */; };
		A78430F527163B1600803E9B /* ReviewsViewController.swift in Sources */ = {isa = PBXBuildFile; fileRef = A78430F427163B1600803E9B /* ReviewsViewController.swift */; };
		A78430F927163B3000803E9B /* HomeViewController.swift in Sources */ = {isa = PBXBuildFile; fileRef = A78430F827163B3000803E9B /* HomeViewController.swift */; };
		A7872C07271E6E250028424B /* Constants.swift in Sources */ = {isa = PBXBuildFile; fileRef = A7872C06271E6E250028424B /* Constants.swift */; };
		A7872C54271F72B70028424B /* UserData.swift in Sources */ = {isa = PBXBuildFile; fileRef = A7872C53271F72B70028424B /* UserData.swift */; };
		A78DC62E27303F1600093B9C /* ChipMapFiltersViewController.swift in Sources */ = {isa = PBXBuildFile; fileRef = A78DC62D27303F1600093B9C /* ChipMapFiltersViewController.swift */; };
		A78DC63027306A4300093B9C /* UserMKAnnotation.swift in Sources */ = {isa = PBXBuildFile; fileRef = A78DC62F27306A4300093B9C /* UserMKAnnotation.swift */; };
		A7FCDA7227223D740052E44F /* AddClassCollectionReusableView.swift in Sources */ = {isa = PBXBuildFile; fileRef = A7FCDA7127223D740052E44F /* AddClassCollectionReusableView.swift */; };
		A7FCDA7427223D7A0052E44F /* ClassesCollectionViewCell.swift in Sources */ = {isa = PBXBuildFile; fileRef = A7FCDA7327223D7A0052E44F /* ClassesCollectionViewCell.swift */; };
		A7FCDA7627223D7F0052E44F /* EditClassesCollectionViewCell.swift in Sources */ = {isa = PBXBuildFile; fileRef = A7FCDA7527223D7F0052E44F /* EditClassesCollectionViewCell.swift */; };
		C5070F44273B368300252986 /* LoadingViewController.swift in Sources */ = {isa = PBXBuildFile; fileRef = C5070F43273B368300252986 /* LoadingViewController.swift */; };
/* End PBXBuildFile section */

/* Begin PBXFileReference section */
		461227462718EC140052DDCF /* GoogleService-Info.plist */ = {isa = PBXFileReference; fileEncoding = 4; lastKnownFileType = text.plist.xml; path = "GoogleService-Info.plist"; sourceTree = "<group>"; };
		462890302731F51B00685E11 /* ClassesFilterCollectionViewCell.swift */ = {isa = PBXFileReference; lastKnownFileType = sourcecode.swift; path = ClassesFilterCollectionViewCell.swift; sourceTree = "<group>"; };
		462890312731F51B00685E11 /* ClassesFilterCollectionViewCell.xib */ = {isa = PBXFileReference; lastKnownFileType = file.xib; path = ClassesFilterCollectionViewCell.xib; sourceTree = "<group>"; };
		462A5DDC273B33C0001DAE5E /* FriendsTableViewCell.swift */ = {isa = PBXFileReference; lastKnownFileType = sourcecode.swift; path = FriendsTableViewCell.swift; sourceTree = "<group>"; };
		4644E2A8273CF33300B0C9F7 /* MapPeopleTableViewCell.swift */ = {isa = PBXFileReference; lastKnownFileType = sourcecode.swift; path = MapPeopleTableViewCell.swift; sourceTree = "<group>"; };
		46B575502722762A00F527E4 /* MyCollectionViewCell.xib */ = {isa = PBXFileReference; fileEncoding = 4; lastKnownFileType = file.xib; path = MyCollectionViewCell.xib; sourceTree = "<group>"; };
		46B57552272276D700F527E4 /* TabBarViewController.swift */ = {isa = PBXFileReference; lastKnownFileType = sourcecode.swift; path = TabBarViewController.swift; sourceTree = "<group>"; };
		46B57556272277B000F527E4 /* YourFriendsAreHereCollectionViewCell.xib */ = {isa = PBXFileReference; fileEncoding = 4; lastKnownFileType = file.xib; path = YourFriendsAreHereCollectionViewCell.xib; sourceTree = "<group>"; };
		46BAF6D327163B0E00115504 /* LoginViewController.swift */ = {isa = PBXFileReference; lastKnownFileType = sourcecode.swift; path = LoginViewController.swift; sourceTree = "<group>"; };
		46BAF6D527163B2500115504 /* SignUpViewController.swift */ = {isa = PBXFileReference; lastKnownFileType = sourcecode.swift; path = SignUpViewController.swift; sourceTree = "<group>"; };
		46BAF6D727163B3700115504 /* ProfileViewController.swift */ = {isa = PBXFileReference; lastKnownFileType = sourcecode.swift; path = ProfileViewController.swift; sourceTree = "<group>"; };
		5EBE809D50A3D80987171000 /* Pods_Spudy.framework */ = {isa = PBXFileReference; explicitFileType = wrapper.framework; includeInIndex = 0; path = Pods_Spudy.framework; sourceTree = BUILT_PRODUCTS_DIR; };
		78F573926162E232EC162098 /* Pods-Spudy.debug.xcconfig */ = {isa = PBXFileReference; includeInIndex = 1; lastKnownFileType = text.xcconfig; name = "Pods-Spudy.debug.xcconfig"; path = "Target Support Files/Pods-Spudy/Pods-Spudy.debug.xcconfig"; sourceTree = "<group>"; };
		8E3EEC3327348C1700A083D4 /* Main.storyboard */ = {isa = PBXFileReference; fileEncoding = 4; lastKnownFileType = file.storyboard; path = Main.storyboard; sourceTree = "<group>"; };
		8E4A746C272B5A60009B9535 /* StudySpotsCollectionViewCell.swift */ = {isa = PBXFileReference; lastKnownFileType = sourcecode.swift; path = StudySpotsCollectionViewCell.swift; sourceTree = "<group>"; };
		8E6F42C02731F87E000069ED /* ReviewCollectionViewCell.swift */ = {isa = PBXFileReference; lastKnownFileType = sourcecode.swift; path = ReviewCollectionViewCell.swift; sourceTree = "<group>"; };
		8EA3F1AF27163AFA00120DDA /* EditProfileViewController.swift */ = {isa = PBXFileReference; lastKnownFileType = sourcecode.swift; path = EditProfileViewController.swift; sourceTree = "<group>"; };
		8EA3F1B127163B1E00120DDA /* ChipMapViewController.swift */ = {isa = PBXFileReference; lastKnownFileType = sourcecode.swift; path = ChipMapViewController.swift; sourceTree = "<group>"; };
		8EA3F1B327163B3700120DDA /* SettingsViewController.swift */ = {isa = PBXFileReference; lastKnownFileType = sourcecode.swift; path = SettingsViewController.swift; sourceTree = "<group>"; };
		8EA3F1B527163B5000120DDA /* FriendsViewController.swift */ = {isa = PBXFileReference; lastKnownFileType = sourcecode.swift; path = FriendsViewController.swift; sourceTree = "<group>"; };
		8EA3F1B727163B5E00120DDA /* StudySpotViewController.swift */ = {isa = PBXFileReference; lastKnownFileType = sourcecode.swift; path = StudySpotViewController.swift; sourceTree = "<group>"; };
		A734D87D271636AD00D660C8 /* Spudy.app */ = {isa = PBXFileReference; explicitFileType = wrapper.application; includeInIndex = 0; path = Spudy.app; sourceTree = BUILT_PRODUCTS_DIR; };
		A734D880271636AD00D660C8 /* AppDelegate.swift */ = {isa = PBXFileReference; lastKnownFileType = sourcecode.swift; path = AppDelegate.swift; sourceTree = "<group>"; };
		A734D882271636AD00D660C8 /* SceneDelegate.swift */ = {isa = PBXFileReference; lastKnownFileType = sourcecode.swift; path = SceneDelegate.swift; sourceTree = "<group>"; };
		A734D88A271636AD00D660C8 /* Spudy.xcdatamodel */ = {isa = PBXFileReference; lastKnownFileType = wrapper.xcdatamodel; path = Spudy.xcdatamodel; sourceTree = "<group>"; };
		A734D88C271636AE00D660C8 /* Assets.xcassets */ = {isa = PBXFileReference; lastKnownFileType = folder.assetcatalog; path = Assets.xcassets; sourceTree = "<group>"; };
		A734D88F271636AE00D660C8 /* Base */ = {isa = PBXFileReference; lastKnownFileType = file.storyboard; name = Base; path = Base.lproj/LaunchScreen.storyboard; sourceTree = "<group>"; };
		A734D891271636AE00D660C8 /* Info.plist */ = {isa = PBXFileReference; lastKnownFileType = text.plist.xml; path = Info.plist; sourceTree = "<group>"; };
		A7507AE127345304003B6938 /* MapKit.framework */ = {isa = PBXFileReference; lastKnownFileType = wrapper.framework; name = MapKit.framework; path = System/Library/Frameworks/MapKit.framework; sourceTree = SDKROOT; };
		A75180252731EEDA00E87FB1 /* Commons.swift */ = {isa = PBXFileReference; lastKnownFileType = sourcecode.swift; path = Commons.swift; sourceTree = "<group>"; };
		A768500F2722746400FF58DE /* CollectionViewController.swift */ = {isa = PBXFileReference; fileEncoding = 4; lastKnownFileType = sourcecode.swift; path = CollectionViewController.swift; sourceTree = "<group>"; };
		A76850112722748500FF58DE /* MyCollectionViewCell.swift */ = {isa = PBXFileReference; fileEncoding = 4; lastKnownFileType = sourcecode.swift; path = MyCollectionViewCell.swift; sourceTree = "<group>"; };
		A76850132722748F00FF58DE /* YourFriendsAreHereCollectionViewCell.swift */ = {isa = PBXFileReference; fileEncoding = 4; lastKnownFileType = sourcecode.swift; path = YourFriendsAreHereCollectionViewCell.swift; sourceTree = "<group>"; };
		A78430F427163B1600803E9B /* ReviewsViewController.swift */ = {isa = PBXFileReference; lastKnownFileType = sourcecode.swift; path = ReviewsViewController.swift; sourceTree = "<group>"; };
		A78430F627163B2900803E9B /* BookmarksViewController.swift */ = {isa = PBXFileReference; lastKnownFileType = sourcecode.swift; path = BookmarksViewController.swift; sourceTree = "<group>"; };
		A78430F827163B3000803E9B /* HomeViewController.swift */ = {isa = PBXFileReference; lastKnownFileType = sourcecode.swift; path = HomeViewController.swift; sourceTree = "<group>"; };
		A7872C06271E6E250028424B /* Constants.swift */ = {isa = PBXFileReference; lastKnownFileType = sourcecode.swift; path = Constants.swift; sourceTree = "<group>"; };
		A7872C53271F72B70028424B /* UserData.swift */ = {isa = PBXFileReference; lastKnownFileType = sourcecode.swift; path = UserData.swift; sourceTree = "<group>"; };
		A78DC62D27303F1600093B9C /* ChipMapFiltersViewController.swift */ = {isa = PBXFileReference; lastKnownFileType = sourcecode.swift; path = ChipMapFiltersViewController.swift; sourceTree = "<group>"; };
		A78DC62F27306A4300093B9C /* UserMKAnnotation.swift */ = {isa = PBXFileReference; lastKnownFileType = sourcecode.swift; path = UserMKAnnotation.swift; sourceTree = "<group>"; };
		A7FCDA7127223D740052E44F /* AddClassCollectionReusableView.swift */ = {isa = PBXFileReference; fileEncoding = 4; lastKnownFileType = sourcecode.swift; path = AddClassCollectionReusableView.swift; sourceTree = "<group>"; };
		A7FCDA7327223D7A0052E44F /* ClassesCollectionViewCell.swift */ = {isa = PBXFileReference; fileEncoding = 4; lastKnownFileType = sourcecode.swift; path = ClassesCollectionViewCell.swift; sourceTree = "<group>"; };
		A7FCDA7527223D7F0052E44F /* EditClassesCollectionViewCell.swift */ = {isa = PBXFileReference; fileEncoding = 4; lastKnownFileType = sourcecode.swift; path = EditClassesCollectionViewCell.swift; sourceTree = "<group>"; };
		B37E58F338C846AA8CD7172D /* Pods-Spudy.release.xcconfig */ = {isa = PBXFileReference; includeInIndex = 1; lastKnownFileType = text.xcconfig; name = "Pods-Spudy.release.xcconfig"; path = "Target Support Files/Pods-Spudy/Pods-Spudy.release.xcconfig"; sourceTree = "<group>"; };
		C5070F43273B368300252986 /* LoadingViewController.swift */ = {isa = PBXFileReference; lastKnownFileType = sourcecode.swift; path = LoadingViewController.swift; sourceTree = "<group>"; };
/* End PBXFileReference section */

/* Begin PBXFrameworksBuildPhase section */
		A734D87A271636AD00D660C8 /* Frameworks */ = {
			isa = PBXFrameworksBuildPhase;
			buildActionMask = 2147483647;
			files = (
				A7507B05273DE4BD003B6938 /* MapKit.framework in Frameworks */,
				A40FD50BE337D6942F0ED55E /* Pods_Spudy.framework in Frameworks */,
			);
			runOnlyForDeploymentPostprocessing = 0;
		};
/* End PBXFrameworksBuildPhase section */

/* Begin PBXGroup section */
		2C74BDB5E14B4BEA0221E1B7 /* Frameworks */ = {
			isa = PBXGroup;
			children = (
				A7507AE127345304003B6938 /* MapKit.framework */,
				5EBE809D50A3D80987171000 /* Pods_Spudy.framework */,
			);
			name = Frameworks;
			sourceTree = "<group>";
		};
		A734D874271636AD00D660C8 = {
			isa = PBXGroup;
			children = (
				A734D87F271636AD00D660C8 /* Spudy */,
				A734D87E271636AD00D660C8 /* Products */,
				B2561C4AB6DC2808ADCEFCE8 /* Pods */,
				2C74BDB5E14B4BEA0221E1B7 /* Frameworks */,
			);
			sourceTree = "<group>";
		};
		A734D87E271636AD00D660C8 /* Products */ = {
			isa = PBXGroup;
			children = (
				A734D87D271636AD00D660C8 /* Spudy.app */,
			);
			name = Products;
			sourceTree = "<group>";
		};
		A734D87F271636AD00D660C8 /* Spudy */ = {
			isa = PBXGroup;
			children = (
				8E3EEC3327348C1700A083D4 /* Main.storyboard */,
				C5070F43273B368300252986 /* LoadingViewController.swift */,
				A78430FC27163BC300803E9B /* Components */,
				A78430F327163AF100803E9B /* VCs */,
				A734D880271636AD00D660C8 /* AppDelegate.swift */,
				A734D882271636AD00D660C8 /* SceneDelegate.swift */,
				A734D88C271636AE00D660C8 /* Assets.xcassets */,
				A734D88E271636AE00D660C8 /* LaunchScreen.storyboard */,
				A734D891271636AE00D660C8 /* Info.plist */,
				461227462718EC140052DDCF /* GoogleService-Info.plist */,
				A734D889271636AD00D660C8 /* Spudy.xcdatamodeld */,
				A7872C06271E6E250028424B /* Constants.swift */,
				A7872C53271F72B70028424B /* UserData.swift */,
				A75180252731EEDA00E87FB1 /* Commons.swift */,
			);
			path = Spudy;
			sourceTree = "<group>";
		};
		A78430F327163AF100803E9B /* VCs */ = {
			isa = PBXGroup;
			children = (
				46B57552272276D700F527E4 /* TabBarViewController.swift */,
				8EA3F1AF27163AFA00120DDA /* EditProfileViewController.swift */,
				8EA3F1B127163B1E00120DDA /* ChipMapViewController.swift */,
				8EA3F1B327163B3700120DDA /* SettingsViewController.swift */,
				8EA3F1B527163B5000120DDA /* FriendsViewController.swift */,
				8EA3F1B727163B5E00120DDA /* StudySpotViewController.swift */,
				8E4A746C272B5A60009B9535 /* StudySpotsCollectionViewCell.swift */,
				8E6F42C02731F87E000069ED /* ReviewCollectionViewCell.swift */,
				46BAF6D327163B0E00115504 /* LoginViewController.swift */,
				46BAF6D527163B2500115504 /* SignUpViewController.swift */,
				46BAF6D727163B3700115504 /* ProfileViewController.swift */,
				A78430F427163B1600803E9B /* ReviewsViewController.swift */,
				A78430F627163B2900803E9B /* BookmarksViewController.swift */,
				A78430F827163B3000803E9B /* HomeViewController.swift */,
				A78DC62D27303F1600093B9C /* ChipMapFiltersViewController.swift */,
			);
			path = VCs;
			sourceTree = "<group>";
		};
		A78430FC27163BC300803E9B /* Components */ = {
			isa = PBXGroup;
			children = (
				A7FCDA7527223D7F0052E44F /* EditClassesCollectionViewCell.swift */,
				46B57556272277B000F527E4 /* YourFriendsAreHereCollectionViewCell.xib */,
				A7FCDA7327223D7A0052E44F /* ClassesCollectionViewCell.swift */,
				A7FCDA7127223D740052E44F /* AddClassCollectionReusableView.swift */,
				A76850112722748500FF58DE /* MyCollectionViewCell.swift */,
				A768500F2722746400FF58DE /* CollectionViewController.swift */,
				A76850132722748F00FF58DE /* YourFriendsAreHereCollectionViewCell.swift */,
				46B575502722762A00F527E4 /* MyCollectionViewCell.xib */,
				A78DC62F27306A4300093B9C /* UserMKAnnotation.swift */,
				4644E2A8273CF33300B0C9F7 /* MapPeopleTableViewCell.swift */,
				462890302731F51B00685E11 /* ClassesFilterCollectionViewCell.swift */,
				462890312731F51B00685E11 /* ClassesFilterCollectionViewCell.xib */,
				462A5DDC273B33C0001DAE5E /* FriendsTableViewCell.swift */,
			);
			path = Components;
			sourceTree = "<group>";
		};
		B2561C4AB6DC2808ADCEFCE8 /* Pods */ = {
			isa = PBXGroup;
			children = (
				78F573926162E232EC162098 /* Pods-Spudy.debug.xcconfig */,
				B37E58F338C846AA8CD7172D /* Pods-Spudy.release.xcconfig */,
			);
			path = Pods;
			sourceTree = "<group>";
		};
/* End PBXGroup section */

/* Begin PBXNativeTarget section */
		A734D87C271636AD00D660C8 /* Spudy */ = {
			isa = PBXNativeTarget;
			buildConfigurationList = A734D894271636AE00D660C8 /* Build configuration list for PBXNativeTarget "Spudy" */;
			buildPhases = (
				8712F15E8FE9D41D60C8EDD1 /* [CP] Check Pods Manifest.lock */,
				A734D879271636AD00D660C8 /* Sources */,
				A734D87A271636AD00D660C8 /* Frameworks */,
				A734D87B271636AD00D660C8 /* Resources */,
				3EE7AB72401A519021AD2E77 /* [CP] Embed Pods Frameworks */,
			);
			buildRules = (
			);
			dependencies = (
			);
			name = Spudy;
			productName = Spudy;
			productReference = A734D87D271636AD00D660C8 /* Spudy.app */;
			productType = "com.apple.product-type.application";
		};
/* End PBXNativeTarget section */

/* Begin PBXProject section */
		A734D875271636AD00D660C8 /* Project object */ = {
			isa = PBXProject;
			attributes = {
				BuildIndependentTargetsInParallel = 1;
				LastSwiftUpdateCheck = 1300;
				LastUpgradeCheck = 1300;
				TargetAttributes = {
					A734D87C271636AD00D660C8 = {
						CreatedOnToolsVersion = 13.0;
					};
				};
			};
			buildConfigurationList = A734D878271636AD00D660C8 /* Build configuration list for PBXProject "Spudy" */;
			compatibilityVersion = "Xcode 13.0";
			developmentRegion = en;
			hasScannedForEncodings = 0;
			knownRegions = (
				en,
				Base,
			);
			mainGroup = A734D874271636AD00D660C8;
			productRefGroup = A734D87E271636AD00D660C8 /* Products */;
			projectDirPath = "";
			projectRoot = "";
			targets = (
				A734D87C271636AD00D660C8 /* Spudy */,
			);
		};
/* End PBXProject section */

/* Begin PBXResourcesBuildPhase section */
		A734D87B271636AD00D660C8 /* Resources */ = {
			isa = PBXResourcesBuildPhase;
			buildActionMask = 2147483647;
			files = (
				8E3EEC3427348C1700A083D4 /* Main.storyboard in Resources */,
				46B575512722762A00F527E4 /* MyCollectionViewCell.xib in Resources */,
				46B57557272277B000F527E4 /* YourFriendsAreHereCollectionViewCell.xib in Resources */,
				461227472718EC140052DDCF /* GoogleService-Info.plist in Resources */,
				462890332731F51B00685E11 /* ClassesFilterCollectionViewCell.xib in Resources */,
				A734D890271636AE00D660C8 /* LaunchScreen.storyboard in Resources */,
				A734D88D271636AE00D660C8 /* Assets.xcassets in Resources */,
			);
			runOnlyForDeploymentPostprocessing = 0;
		};
/* End PBXResourcesBuildPhase section */

/* Begin PBXShellScriptBuildPhase section */
		3EE7AB72401A519021AD2E77 /* [CP] Embed Pods Frameworks */ = {
			isa = PBXShellScriptBuildPhase;
			buildActionMask = 2147483647;
			files = (
			);
			inputFileListPaths = (
				"${PODS_ROOT}/Target Support Files/Pods-Spudy/Pods-Spudy-frameworks-${CONFIGURATION}-input-files.xcfilelist",
			);
			name = "[CP] Embed Pods Frameworks";
			outputFileListPaths = (
				"${PODS_ROOT}/Target Support Files/Pods-Spudy/Pods-Spudy-frameworks-${CONFIGURATION}-output-files.xcfilelist",
			);
			runOnlyForDeploymentPostprocessing = 0;
			shellPath = /bin/sh;
			shellScript = "\"${PODS_ROOT}/Target Support Files/Pods-Spudy/Pods-Spudy-frameworks.sh\"\n";
			showEnvVarsInLog = 0;
		};
		8712F15E8FE9D41D60C8EDD1 /* [CP] Check Pods Manifest.lock */ = {
			isa = PBXShellScriptBuildPhase;
			buildActionMask = 2147483647;
			files = (
			);
			inputFileListPaths = (
			);
			inputPaths = (
				"${PODS_PODFILE_DIR_PATH}/Podfile.lock",
				"${PODS_ROOT}/Manifest.lock",
			);
			name = "[CP] Check Pods Manifest.lock";
			outputFileListPaths = (
			);
			outputPaths = (
				"$(DERIVED_FILE_DIR)/Pods-Spudy-checkManifestLockResult.txt",
			);
			runOnlyForDeploymentPostprocessing = 0;
			shellPath = /bin/sh;
			shellScript = "diff \"${PODS_PODFILE_DIR_PATH}/Podfile.lock\" \"${PODS_ROOT}/Manifest.lock\" > /dev/null\nif [ $? != 0 ] ; then\n    # print error to STDERR\n    echo \"error: The sandbox is not in sync with the Podfile.lock. Run 'pod install' or update your CocoaPods installation.\" >&2\n    exit 1\nfi\n# This output is used by Xcode 'outputs' to avoid re-running this script phase.\necho \"SUCCESS\" > \"${SCRIPT_OUTPUT_FILE_0}\"\n";
			showEnvVarsInLog = 0;
		};
/* End PBXShellScriptBuildPhase section */

/* Begin PBXSourcesBuildPhase section */
		A734D879271636AD00D660C8 /* Sources */ = {
			isa = PBXSourcesBuildPhase;
			buildActionMask = 2147483647;
			files = (
				A76850102722746400FF58DE /* CollectionViewController.swift in Sources */,
				A7FCDA7227223D740052E44F /* AddClassCollectionReusableView.swift in Sources */,
				8EA3F1B627163B5000120DDA /* FriendsViewController.swift in Sources */,
				462A5DDE273B33C0001DAE5E /* FriendsTableViewCell.swift in Sources */,
				A78DC63027306A4300093B9C /* UserMKAnnotation.swift in Sources */,
				46BAF6D427163B0E00115504 /* LoginViewController.swift in Sources */,
				46B57553272276D700F527E4 /* TabBarViewController.swift in Sources */,
				4644E2A9273CF33300B0C9F7 /* MapPeopleTableViewCell.swift in Sources */,
				46BAF6D627163B2500115504 /* SignUpViewController.swift in Sources */,
				A7872C54271F72B70028424B /* UserData.swift in Sources */,
				C5070F44273B368300252986 /* LoadingViewController.swift in Sources */,
				8EA3F1B227163B1E00120DDA /* ChipMapViewController.swift in Sources */,
				8EA3F1B427163B3700120DDA /* SettingsViewController.swift in Sources */,
				A76850142722748F00FF58DE /* YourFriendsAreHereCollectionViewCell.swift in Sources */,
				46BAF6D427163B0E00115504 /* LoginViewController.swift in Sources */,
				46BAF6D627163B2500115504 /* SignUpViewController.swift in Sources */,
				A78430F527163B1600803E9B /* ReviewsViewController.swift in Sources */,
				A734D881271636AD00D660C8 /* AppDelegate.swift in Sources */,
				8E6F42C12731F87E000069ED /* ReviewCollectionViewCell.swift in Sources */,
				A7FCDA7427223D7A0052E44F /* ClassesCollectionViewCell.swift in Sources */,
				462890322731F51B00685E11 /* ClassesFilterCollectionViewCell.swift in Sources */,
				A734D883271636AD00D660C8 /* SceneDelegate.swift in Sources */,
				8EA3F1B827163B5E00120DDA /* StudySpotViewController.swift in Sources */,
				8EA3F1B027163AFB00120DDA /* EditProfileViewController.swift in Sources */,
				46BAF6D827163B3700115504 /* ProfileViewController.swift in Sources */,
				A78430F927163B3000803E9B /* HomeViewController.swift in Sources */,
				A75180262731EEDA00E87FB1 /* Commons.swift in Sources */,
				A7FCDA7627223D7F0052E44F /* EditClassesCollectionViewCell.swift in Sources */,
				A78430F927163B3000803E9B /* HomeViewController.swift in Sources */,
				46BAF6D827163B3700115504 /* ProfileViewController.swift in Sources */,
				A734D88B271636AD00D660C8 /* Spudy.xcdatamodeld in Sources */,
				8E4A746D272B5A60009B9535 /* StudySpotsCollectionViewCell.swift in Sources */,
				A76850122722748500FF58DE /* MyCollectionViewCell.swift in Sources */,
				A7872C07271E6E250028424B /* Constants.swift in Sources */,
				A78DC62E27303F1600093B9C /* ChipMapFiltersViewController.swift in Sources */,
			);
			runOnlyForDeploymentPostprocessing = 0;
		};
/* End PBXSourcesBuildPhase section */

/* Begin PBXVariantGroup section */
		A734D88E271636AE00D660C8 /* LaunchScreen.storyboard */ = {
			isa = PBXVariantGroup;
			children = (
				A734D88F271636AE00D660C8 /* Base */,
			);
			name = LaunchScreen.storyboard;
			sourceTree = "<group>";
		};
/* End PBXVariantGroup section */

/* Begin XCBuildConfiguration section */
		A734D892271636AE00D660C8 /* Debug */ = {
			isa = XCBuildConfiguration;
			buildSettings = {
				ALWAYS_SEARCH_USER_PATHS = NO;
				CLANG_ANALYZER_NONNULL = YES;
				CLANG_ANALYZER_NUMBER_OBJECT_CONVERSION = YES_AGGRESSIVE;
				CLANG_CXX_LANGUAGE_STANDARD = "gnu++17";
				CLANG_CXX_LIBRARY = "libc++";
				CLANG_ENABLE_MODULES = YES;
				CLANG_ENABLE_OBJC_ARC = YES;
				CLANG_ENABLE_OBJC_WEAK = YES;
				CLANG_WARN_BLOCK_CAPTURE_AUTORELEASING = YES;
				CLANG_WARN_BOOL_CONVERSION = YES;
				CLANG_WARN_COMMA = YES;
				CLANG_WARN_CONSTANT_CONVERSION = YES;
				CLANG_WARN_DEPRECATED_OBJC_IMPLEMENTATIONS = YES;
				CLANG_WARN_DIRECT_OBJC_ISA_USAGE = YES_ERROR;
				CLANG_WARN_DOCUMENTATION_COMMENTS = YES;
				CLANG_WARN_EMPTY_BODY = YES;
				CLANG_WARN_ENUM_CONVERSION = YES;
				CLANG_WARN_INFINITE_RECURSION = YES;
				CLANG_WARN_INT_CONVERSION = YES;
				CLANG_WARN_NON_LITERAL_NULL_CONVERSION = YES;
				CLANG_WARN_OBJC_IMPLICIT_RETAIN_SELF = YES;
				CLANG_WARN_OBJC_LITERAL_CONVERSION = YES;
				CLANG_WARN_OBJC_ROOT_CLASS = YES_ERROR;
				CLANG_WARN_QUOTED_INCLUDE_IN_FRAMEWORK_HEADER = YES;
				CLANG_WARN_RANGE_LOOP_ANALYSIS = YES;
				CLANG_WARN_STRICT_PROTOTYPES = YES;
				CLANG_WARN_SUSPICIOUS_MOVE = YES;
				CLANG_WARN_UNGUARDED_AVAILABILITY = YES_AGGRESSIVE;
				CLANG_WARN_UNREACHABLE_CODE = YES;
				CLANG_WARN__DUPLICATE_METHOD_MATCH = YES;
				COPY_PHASE_STRIP = NO;
				DEBUG_INFORMATION_FORMAT = dwarf;
				ENABLE_STRICT_OBJC_MSGSEND = YES;
				ENABLE_TESTABILITY = YES;
				GCC_C_LANGUAGE_STANDARD = gnu11;
				GCC_DYNAMIC_NO_PIC = NO;
				GCC_NO_COMMON_BLOCKS = YES;
				GCC_OPTIMIZATION_LEVEL = 0;
				GCC_PREPROCESSOR_DEFINITIONS = (
					"DEBUG=1",
					"$(inherited)",
				);
				GCC_WARN_64_TO_32_BIT_CONVERSION = YES;
				GCC_WARN_ABOUT_RETURN_TYPE = YES_ERROR;
				GCC_WARN_UNDECLARED_SELECTOR = YES;
				GCC_WARN_UNINITIALIZED_AUTOS = YES_AGGRESSIVE;
				GCC_WARN_UNUSED_FUNCTION = YES;
				GCC_WARN_UNUSED_VARIABLE = YES;
				IPHONEOS_DEPLOYMENT_TARGET = 15.0;
				MTL_ENABLE_DEBUG_INFO = INCLUDE_SOURCE;
				MTL_FAST_MATH = YES;
				ONLY_ACTIVE_ARCH = YES;
				SDKROOT = iphoneos;
				SWIFT_ACTIVE_COMPILATION_CONDITIONS = DEBUG;
				SWIFT_OPTIMIZATION_LEVEL = "-Onone";
			};
			name = Debug;
		};
		A734D893271636AE00D660C8 /* Release */ = {
			isa = XCBuildConfiguration;
			buildSettings = {
				ALWAYS_SEARCH_USER_PATHS = NO;
				CLANG_ANALYZER_NONNULL = YES;
				CLANG_ANALYZER_NUMBER_OBJECT_CONVERSION = YES_AGGRESSIVE;
				CLANG_CXX_LANGUAGE_STANDARD = "gnu++17";
				CLANG_CXX_LIBRARY = "libc++";
				CLANG_ENABLE_MODULES = YES;
				CLANG_ENABLE_OBJC_ARC = YES;
				CLANG_ENABLE_OBJC_WEAK = YES;
				CLANG_WARN_BLOCK_CAPTURE_AUTORELEASING = YES;
				CLANG_WARN_BOOL_CONVERSION = YES;
				CLANG_WARN_COMMA = YES;
				CLANG_WARN_CONSTANT_CONVERSION = YES;
				CLANG_WARN_DEPRECATED_OBJC_IMPLEMENTATIONS = YES;
				CLANG_WARN_DIRECT_OBJC_ISA_USAGE = YES_ERROR;
				CLANG_WARN_DOCUMENTATION_COMMENTS = YES;
				CLANG_WARN_EMPTY_BODY = YES;
				CLANG_WARN_ENUM_CONVERSION = YES;
				CLANG_WARN_INFINITE_RECURSION = YES;
				CLANG_WARN_INT_CONVERSION = YES;
				CLANG_WARN_NON_LITERAL_NULL_CONVERSION = YES;
				CLANG_WARN_OBJC_IMPLICIT_RETAIN_SELF = YES;
				CLANG_WARN_OBJC_LITERAL_CONVERSION = YES;
				CLANG_WARN_OBJC_ROOT_CLASS = YES_ERROR;
				CLANG_WARN_QUOTED_INCLUDE_IN_FRAMEWORK_HEADER = YES;
				CLANG_WARN_RANGE_LOOP_ANALYSIS = YES;
				CLANG_WARN_STRICT_PROTOTYPES = YES;
				CLANG_WARN_SUSPICIOUS_MOVE = YES;
				CLANG_WARN_UNGUARDED_AVAILABILITY = YES_AGGRESSIVE;
				CLANG_WARN_UNREACHABLE_CODE = YES;
				CLANG_WARN__DUPLICATE_METHOD_MATCH = YES;
				COPY_PHASE_STRIP = NO;
				DEBUG_INFORMATION_FORMAT = "dwarf-with-dsym";
				ENABLE_NS_ASSERTIONS = NO;
				ENABLE_STRICT_OBJC_MSGSEND = YES;
				GCC_C_LANGUAGE_STANDARD = gnu11;
				GCC_NO_COMMON_BLOCKS = YES;
				GCC_WARN_64_TO_32_BIT_CONVERSION = YES;
				GCC_WARN_ABOUT_RETURN_TYPE = YES_ERROR;
				GCC_WARN_UNDECLARED_SELECTOR = YES;
				GCC_WARN_UNINITIALIZED_AUTOS = YES_AGGRESSIVE;
				GCC_WARN_UNUSED_FUNCTION = YES;
				GCC_WARN_UNUSED_VARIABLE = YES;
				IPHONEOS_DEPLOYMENT_TARGET = 15.0;
				MTL_ENABLE_DEBUG_INFO = NO;
				MTL_FAST_MATH = YES;
				SDKROOT = iphoneos;
				SWIFT_COMPILATION_MODE = wholemodule;
				SWIFT_OPTIMIZATION_LEVEL = "-O";
				VALIDATE_PRODUCT = YES;
			};
			name = Release;
		};
		A734D895271636AE00D660C8 /* Debug */ = {
			isa = XCBuildConfiguration;
			baseConfigurationReference = 78F573926162E232EC162098 /* Pods-Spudy.debug.xcconfig */;
			buildSettings = {
				ASSETCATALOG_COMPILER_APPICON_NAME = AppIcon;
				ASSETCATALOG_COMPILER_GLOBAL_ACCENT_COLOR_NAME = AccentColor;
				CODE_SIGN_STYLE = Automatic;
				CURRENT_PROJECT_VERSION = 1;
				GENERATE_INFOPLIST_FILE = YES;
				INFOPLIST_FILE = Spudy/Info.plist;
				INFOPLIST_KEY_UIApplicationSupportsIndirectInputEvents = YES;
				INFOPLIST_KEY_UILaunchStoryboardName = LaunchScreen;
				INFOPLIST_KEY_UIMainStoryboardFile = Main;
				INFOPLIST_KEY_UISupportedInterfaceOrientations_iPad = "UIInterfaceOrientationPortrait UIInterfaceOrientationPortraitUpsideDown UIInterfaceOrientationLandscapeLeft UIInterfaceOrientationLandscapeRight";
				INFOPLIST_KEY_UISupportedInterfaceOrientations_iPhone = "UIInterfaceOrientationPortrait UIInterfaceOrientationLandscapeLeft UIInterfaceOrientationLandscapeRight";
				LD_RUNPATH_SEARCH_PATHS = (
					"$(inherited)",
					"@executable_path/Frameworks",
				);
				MARKETING_VERSION = 1.0;
				PRODUCT_BUNDLE_IDENTIFIER = utcs.Spudy;
				PRODUCT_NAME = "$(TARGET_NAME)";
				SWIFT_EMIT_LOC_STRINGS = YES;
				SWIFT_VERSION = 5.0;
				TARGETED_DEVICE_FAMILY = "1,2";
			};
			name = Debug;
		};
		A734D896271636AE00D660C8 /* Release */ = {
			isa = XCBuildConfiguration;
			baseConfigurationReference = B37E58F338C846AA8CD7172D /* Pods-Spudy.release.xcconfig */;
			buildSettings = {
				ASSETCATALOG_COMPILER_APPICON_NAME = AppIcon;
				ASSETCATALOG_COMPILER_GLOBAL_ACCENT_COLOR_NAME = AccentColor;
				CODE_SIGN_STYLE = Automatic;
				CURRENT_PROJECT_VERSION = 1;
				GENERATE_INFOPLIST_FILE = YES;
				INFOPLIST_FILE = Spudy/Info.plist;
				INFOPLIST_KEY_UIApplicationSupportsIndirectInputEvents = YES;
				INFOPLIST_KEY_UILaunchStoryboardName = LaunchScreen;
				INFOPLIST_KEY_UIMainStoryboardFile = Main;
				INFOPLIST_KEY_UISupportedInterfaceOrientations_iPad = "UIInterfaceOrientationPortrait UIInterfaceOrientationPortraitUpsideDown UIInterfaceOrientationLandscapeLeft UIInterfaceOrientationLandscapeRight";
				INFOPLIST_KEY_UISupportedInterfaceOrientations_iPhone = "UIInterfaceOrientationPortrait UIInterfaceOrientationLandscapeLeft UIInterfaceOrientationLandscapeRight";
				LD_RUNPATH_SEARCH_PATHS = (
					"$(inherited)",
					"@executable_path/Frameworks",
				);
				MARKETING_VERSION = 1.0;
				PRODUCT_BUNDLE_IDENTIFIER = utcs.Spudy;
				PRODUCT_NAME = "$(TARGET_NAME)";
				SWIFT_EMIT_LOC_STRINGS = YES;
				SWIFT_VERSION = 5.0;
				TARGETED_DEVICE_FAMILY = "1,2";
			};
			name = Release;
		};
/* End XCBuildConfiguration section */

/* Begin XCConfigurationList section */
		A734D878271636AD00D660C8 /* Build configuration list for PBXProject "Spudy" */ = {
			isa = XCConfigurationList;
			buildConfigurations = (
				A734D892271636AE00D660C8 /* Debug */,
				A734D893271636AE00D660C8 /* Release */,
			);
			defaultConfigurationIsVisible = 0;
			defaultConfigurationName = Release;
		};
		A734D894271636AE00D660C8 /* Build configuration list for PBXNativeTarget "Spudy" */ = {
			isa = XCConfigurationList;
			buildConfigurations = (
				A734D895271636AE00D660C8 /* Debug */,
				A734D896271636AE00D660C8 /* Release */,
			);
			defaultConfigurationIsVisible = 0;
			defaultConfigurationName = Release;
		};
/* End XCConfigurationList section */

/* Begin XCVersionGroup section */
		A734D889271636AD00D660C8 /* Spudy.xcdatamodeld */ = {
			isa = XCVersionGroup;
			children = (
				A734D88A271636AD00D660C8 /* Spudy.xcdatamodel */,
			);
			currentVersion = A734D88A271636AD00D660C8 /* Spudy.xcdatamodel */;
			path = Spudy.xcdatamodeld;
			sourceTree = "<group>";
			versionGroupType = wrapper.xcdatamodel;
		};
/* End XCVersionGroup section */
	};
	rootObject = A734D875271636AD00D660C8 /* Project object */;
}
